// !$*UTF8*$!
{
	archiveVersion = 1;
	classes = {
	};
	objectVersion = 55;
	objects = {

/* Begin PBXBuildFile section */
		CB01ACDC2822C14900727A58 /* AlarmAddEditViewController.swift in Sources */ = {isa = PBXBuildFile; fileRef = CB01ACDB2822C14900727A58 /* AlarmAddEditViewController.swift */; };
		CB01ACDF2822C16E00727A58 /* AlarmAddEditView.swift in Sources */ = {isa = PBXBuildFile; fileRef = CB01ACDE2822C16E00727A58 /* AlarmAddEditView.swift */; };
		CB0C191627B119430074976D /* AppDelegate.swift in Sources */ = {isa = PBXBuildFile; fileRef = CB0C191527B119430074976D /* AppDelegate.swift */; };
		CB0C191827B119430074976D /* SceneDelegate.swift in Sources */ = {isa = PBXBuildFile; fileRef = CB0C191727B119430074976D /* SceneDelegate.swift */; };
		CB0C191A27B119430074976D /* WorldClockViewController.swift in Sources */ = {isa = PBXBuildFile; fileRef = CB0C191927B119430074976D /* WorldClockViewController.swift */; };
		CB0C192027B119430074976D /* WorldClock.xcdatamodeld in Sources */ = {isa = PBXBuildFile; fileRef = CB0C191E27B119430074976D /* WorldClock.xcdatamodeld */; };
		CB0C192227B119470074976D /* Assets.xcassets in Resources */ = {isa = PBXBuildFile; fileRef = CB0C192127B119470074976D /* Assets.xcassets */; };
		CB0C192527B119470074976D /* LaunchScreen.storyboard in Resources */ = {isa = PBXBuildFile; fileRef = CB0C192327B119470074976D /* LaunchScreen.storyboard */; };
		CB0C192E27B1203B0074976D /* AlarmClockViewController.swift in Sources */ = {isa = PBXBuildFile; fileRef = CB0C192D27B1203B0074976D /* AlarmClockViewController.swift */; };
		CB0C193027B120AD0074976D /* StopwatchViewController.swift in Sources */ = {isa = PBXBuildFile; fileRef = CB0C192F27B120AD0074976D /* StopwatchViewController.swift */; };
		CB0C193227B120E90074976D /* TimerViewController.swift in Sources */ = {isa = PBXBuildFile; fileRef = CB0C193127B120E90074976D /* TimerViewController.swift */; };
		CB0C193627B121900074976D /* WorldClockView.swift in Sources */ = {isa = PBXBuildFile; fileRef = CB0C193527B121900074976D /* WorldClockView.swift */; };
		CB0C193927B121AC0074976D /* AlarmClockView.swift in Sources */ = {isa = PBXBuildFile; fileRef = CB0C193827B121AC0074976D /* AlarmClockView.swift */; };
		CB0C193D27B121C90074976D /* StopwatchView.swift in Sources */ = {isa = PBXBuildFile; fileRef = CB0C193C27B121C90074976D /* StopwatchView.swift */; };
		CB0C194027B121DF0074976D /* TimerView.swift in Sources */ = {isa = PBXBuildFile; fileRef = CB0C193F27B121DF0074976D /* TimerView.swift */; };
		CB0C194327B156340074976D /* Constant.swift in Sources */ = {isa = PBXBuildFile; fileRef = CB0C194227B156340074976D /* Constant.swift */; };
		CB0CC82627B3DA51002C1FEA /* CoreDataManager.swift in Sources */ = {isa = PBXBuildFile; fileRef = CB0CC82527B3DA50002C1FEA /* CoreDataManager.swift */; };
		CB24BC272821BFBA00B4FCB5 /* MainNavigationController.swift in Sources */ = {isa = PBXBuildFile; fileRef = CB24BC262821BFBA00B4FCB5 /* MainNavigationController.swift */; };
		CB24BC2A2821C53600B4FCB5 /* AlarmClockSectionHeaderView.swift in Sources */ = {isa = PBXBuildFile; fileRef = CB24BC292821C53600B4FCB5 /* AlarmClockSectionHeaderView.swift */; };
		CB2BE1CA27F05F2900137F6C /* TimerPickerView.swift in Sources */ = {isa = PBXBuildFile; fileRef = CB2BE1C927F05F2900137F6C /* TimerPickerView.swift */; };
		CB2BE1CF27F097EE00137F6C /* Enumerations.swift in Sources */ = {isa = PBXBuildFile; fileRef = CB2BE1CE27F097EE00137F6C /* Enumerations.swift */; };
		CB2BE1D127F0E4B300137F6C /* TimerPickerViewLabel.swift in Sources */ = {isa = PBXBuildFile; fileRef = CB2BE1D027F0E4B300137F6C /* TimerPickerViewLabel.swift */; };
		CB2E4C2B2822DE0C008033F3 /* AlarmSettingsTableViewCell.swift in Sources */ = {isa = PBXBuildFile; fileRef = CB2E4C2A2822DE0C008033F3 /* AlarmSettingsTableViewCell.swift */; };
		CB53A7B7280CA7CE0088FBFC /* UIStackView+Extension.swift in Sources */ = {isa = PBXBuildFile; fileRef = CB53A7B6280CA7CE0088FBFC /* UIStackView+Extension.swift */; };
		CB5BA76027F1A55500AECA3C /* TimerSoundSelectionButton.swift in Sources */ = {isa = PBXBuildFile; fileRef = CB5BA75F27F1A55500AECA3C /* TimerSoundSelectionButton.swift */; };
		CB5BA76227F1E0DF00AECA3C /* TimerCircularBarView.swift in Sources */ = {isa = PBXBuildFile; fileRef = CB5BA76127F1E0DF00AECA3C /* TimerCircularBarView.swift */; };
		CB6076A627D4FB43008333A8 /* LapsTableViewCell.swift in Sources */ = {isa = PBXBuildFile; fileRef = CB6076A527D4FB43008333A8 /* LapsTableViewCell.swift */; };
		CB6647EF27F5C76A004B0819 /* CAShapeLayer+Extension.swift in Sources */ = {isa = PBXBuildFile; fileRef = CB6647EE27F5C76A004B0819 /* CAShapeLayer+Extension.swift */; };
		CB7ABE4A27B3FFA800CD04B1 /* WorldClockTableViewCell.swift in Sources */ = {isa = PBXBuildFile; fileRef = CB7ABE4927B3FFA800CD04B1 /* WorldClockTableViewCell.swift */; };
		CB980115282457800087F2A9 /* AlarmRepeatingTypeViewController.swift in Sources */ = {isa = PBXBuildFile; fileRef = CB980114282457800087F2A9 /* AlarmRepeatingTypeViewController.swift */; };
		CB980118282457AF0087F2A9 /* AlarmRepeatingTypeView.swift in Sources */ = {isa = PBXBuildFile; fileRef = CB980117282457AF0087F2A9 /* AlarmRepeatingTypeView.swift */; };
		CB98011A282458A70087F2A9 /* AlarmRepeatingTypeTableViewCell.swift in Sources */ = {isa = PBXBuildFile; fileRef = CB980119282458A70087F2A9 /* AlarmRepeatingTypeTableViewCell.swift */; };
		CBA774D627D6043F005CE96C /* CircleButtonView.swift in Sources */ = {isa = PBXBuildFile; fileRef = CBA774D527D6043F005CE96C /* CircleButtonView.swift */; };
		CBA774D827D64A55005CE96C /* TimerClass.swift in Sources */ = {isa = PBXBuildFile; fileRef = CBA774D727D64A55005CE96C /* TimerClass.swift */; };
		CBA774DA27D6767B005CE96C /* TimeInterval+Extension.swift in Sources */ = {isa = PBXBuildFile; fileRef = CBA774D927D6767B005CE96C /* TimeInterval+Extension.swift */; };
		CBAACF3227B272D200A35A7F /* MainTabBarController.swift in Sources */ = {isa = PBXBuildFile; fileRef = CBAACF3127B272D200A35A7F /* MainTabBarController.swift */; };
		CBC5BD0528205C07003832B7 /* Alarm.swift in Sources */ = {isa = PBXBuildFile; fileRef = CBC5BD0428205C07003832B7 /* Alarm.swift */; };
		CBC5BD0B28205FA6003832B7 /* String+Extension.swift in Sources */ = {isa = PBXBuildFile; fileRef = CBC5BD0A28205FA6003832B7 /* String+Extension.swift */; };
		CBC5BD0D2820625D003832B7 /* AlarmClockTableViewCell.swift in Sources */ = {isa = PBXBuildFile; fileRef = CBC5BD0C2820625D003832B7 /* AlarmClockTableViewCell.swift */; };
		CBC5BD0F28206DD7003832B7 /* AlarmDataSource.swift in Sources */ = {isa = PBXBuildFile; fileRef = CBC5BD0E28206DD7003832B7 /* AlarmDataSource.swift */; };
		CBC7772127B4FF860072EE40 /* UserDefaults+Extension.swift in Sources */ = {isa = PBXBuildFile; fileRef = CBC7772027B4FF860072EE40 /* UserDefaults+Extension.swift */; };
		CBC7772327B503F60072EE40 /* Date+Extension.swift in Sources */ = {isa = PBXBuildFile; fileRef = CBC7772227B503F60072EE40 /* Date+Extension.swift */; };
		CBCA7F5027BAC18000116516 /* WorldClock+CoreDataClass.swift in Sources */ = {isa = PBXBuildFile; fileRef = CBCA7F4E27BAC18000116516 /* WorldClock+CoreDataClass.swift */; };
		CBCA7F5127BAC18000116516 /* WorldClock+CoreDataProperties.swift in Sources */ = {isa = PBXBuildFile; fileRef = CBCA7F4F27BAC18000116516 /* WorldClock+CoreDataProperties.swift */; };
		CBD87C4527F9B5FD0040B35E /* UIScrollView+Extension.swift in Sources */ = {isa = PBXBuildFile; fileRef = CBD87C4427F9B5FD0040B35E /* UIScrollView+Extension.swift */; };
		CBDBB92727EF3A3A00A65087 /* DigitalFormatView.swift in Sources */ = {isa = PBXBuildFile; fileRef = CBDBB92627EF3A3A00A65087 /* DigitalFormatView.swift */; };
		CBDBB92927EF3C1900A65087 /* ClockFaceView.swift in Sources */ = {isa = PBXBuildFile; fileRef = CBDBB92827EF3C1900A65087 /* ClockFaceView.swift */; };
		CBEFCF2627E8567500BA0E05 /* UserDefaultsSettings.swift in Sources */ = {isa = PBXBuildFile; fileRef = CBEFCF2527E8567400BA0E05 /* UserDefaultsSettings.swift */; };
		CBF6CE0327BD610B00843FBA /* TimeZoneViewController.swift in Sources */ = {isa = PBXBuildFile; fileRef = CBF6CE0227BD610B00843FBA /* TimeZoneViewController.swift */; };
		CBF6CE0527BD612F00843FBA /* TimeZoneView.swift in Sources */ = {isa = PBXBuildFile; fileRef = CBF6CE0427BD612F00843FBA /* TimeZoneView.swift */; };
		CBF6CE0727BD63EE00843FBA /* TimeZoneTableViewCell.swift in Sources */ = {isa = PBXBuildFile; fileRef = CBF6CE0627BD63EE00843FBA /* TimeZoneTableViewCell.swift */; };
		CBFB4CD4281D4FDB00A1B189 /* UIColor+Extension.swift in Sources */ = {isa = PBXBuildFile; fileRef = CBFB4CD3281D4FDB00A1B189 /* UIColor+Extension.swift */; };
		CBFB4CD6281DBD1C00A1B189 /* CALayer+Extension.swift in Sources */ = {isa = PBXBuildFile; fileRef = CBFB4CD5281DBD1C00A1B189 /* CALayer+Extension.swift */; };
		E89254EF71FFA46623AE25A1 /* Pods_AlarmClock.framework in Frameworks */ = {isa = PBXBuildFile; fileRef = A58B681C33DFFE0BC1AFD14F /* Pods_AlarmClock.framework */; };
/* End PBXBuildFile section */

/* Begin PBXFileReference section */
		323D17ABB3AA5FC1C847FD54 /* Pods-AlarmClock.debug.xcconfig */ = {isa = PBXFileReference; includeInIndex = 1; lastKnownFileType = text.xcconfig; name = "Pods-AlarmClock.debug.xcconfig"; path = "Target Support Files/Pods-AlarmClock/Pods-AlarmClock.debug.xcconfig"; sourceTree = "<group>"; };
		4D2A706CD810AFDC493A092B /* Pods-AlarmClock.release.xcconfig */ = {isa = PBXFileReference; includeInIndex = 1; lastKnownFileType = text.xcconfig; name = "Pods-AlarmClock.release.xcconfig"; path = "Target Support Files/Pods-AlarmClock/Pods-AlarmClock.release.xcconfig"; sourceTree = "<group>"; };
		A58B681C33DFFE0BC1AFD14F /* Pods_AlarmClock.framework */ = {isa = PBXFileReference; explicitFileType = wrapper.framework; includeInIndex = 0; path = Pods_AlarmClock.framework; sourceTree = BUILT_PRODUCTS_DIR; };
		CB01ACDB2822C14900727A58 /* AlarmAddEditViewController.swift */ = {isa = PBXFileReference; lastKnownFileType = sourcecode.swift; path = AlarmAddEditViewController.swift; sourceTree = "<group>"; };
		CB01ACDE2822C16E00727A58 /* AlarmAddEditView.swift */ = {isa = PBXFileReference; lastKnownFileType = sourcecode.swift; path = AlarmAddEditView.swift; sourceTree = "<group>"; };
		CB0C191527B119430074976D /* AppDelegate.swift */ = {isa = PBXFileReference; lastKnownFileType = sourcecode.swift; path = AppDelegate.swift; sourceTree = "<group>"; };
		CB0C191727B119430074976D /* SceneDelegate.swift */ = {isa = PBXFileReference; lastKnownFileType = sourcecode.swift; path = SceneDelegate.swift; sourceTree = "<group>"; };
		CB0C191927B119430074976D /* WorldClockViewController.swift */ = {isa = PBXFileReference; lastKnownFileType = sourcecode.swift; path = WorldClockViewController.swift; sourceTree = "<group>"; };
		CB0C191F27B119430074976D /* AlarmClock.xcdatamodel */ = {isa = PBXFileReference; lastKnownFileType = wrapper.xcdatamodel; path = AlarmClock.xcdatamodel; sourceTree = "<group>"; };
		CB0C192127B119470074976D /* Assets.xcassets */ = {isa = PBXFileReference; lastKnownFileType = folder.assetcatalog; path = Assets.xcassets; sourceTree = "<group>"; };
		CB0C192427B119470074976D /* Base */ = {isa = PBXFileReference; lastKnownFileType = file.storyboard; name = Base; path = Base.lproj/LaunchScreen.storyboard; sourceTree = "<group>"; };
		CB0C192627B119470074976D /* Info.plist */ = {isa = PBXFileReference; lastKnownFileType = text.plist.xml; path = Info.plist; sourceTree = "<group>"; };
		CB0C192D27B1203B0074976D /* AlarmClockViewController.swift */ = {isa = PBXFileReference; lastKnownFileType = sourcecode.swift; path = AlarmClockViewController.swift; sourceTree = "<group>"; };
		CB0C192F27B120AD0074976D /* StopwatchViewController.swift */ = {isa = PBXFileReference; lastKnownFileType = sourcecode.swift; path = StopwatchViewController.swift; sourceTree = "<group>"; };
		CB0C193127B120E90074976D /* TimerViewController.swift */ = {isa = PBXFileReference; lastKnownFileType = sourcecode.swift; path = TimerViewController.swift; sourceTree = "<group>"; };
		CB0C193527B121900074976D /* WorldClockView.swift */ = {isa = PBXFileReference; lastKnownFileType = sourcecode.swift; path = WorldClockView.swift; sourceTree = "<group>"; };
		CB0C193827B121AC0074976D /* AlarmClockView.swift */ = {isa = PBXFileReference; lastKnownFileType = sourcecode.swift; path = AlarmClockView.swift; sourceTree = "<group>"; };
		CB0C193C27B121C90074976D /* StopwatchView.swift */ = {isa = PBXFileReference; lastKnownFileType = sourcecode.swift; path = StopwatchView.swift; sourceTree = "<group>"; };
		CB0C193F27B121DF0074976D /* TimerView.swift */ = {isa = PBXFileReference; lastKnownFileType = sourcecode.swift; path = TimerView.swift; sourceTree = "<group>"; };
		CB0C194227B156340074976D /* Constant.swift */ = {isa = PBXFileReference; lastKnownFileType = sourcecode.swift; path = Constant.swift; sourceTree = "<group>"; };
		CB0CC82527B3DA50002C1FEA /* CoreDataManager.swift */ = {isa = PBXFileReference; lastKnownFileType = sourcecode.swift; path = CoreDataManager.swift; sourceTree = "<group>"; };
		CB24BC262821BFBA00B4FCB5 /* MainNavigationController.swift */ = {isa = PBXFileReference; lastKnownFileType = sourcecode.swift; path = MainNavigationController.swift; sourceTree = "<group>"; };
		CB24BC292821C53600B4FCB5 /* AlarmClockSectionHeaderView.swift */ = {isa = PBXFileReference; lastKnownFileType = sourcecode.swift; path = AlarmClockSectionHeaderView.swift; sourceTree = "<group>"; };
		CB2BE1C927F05F2900137F6C /* TimerPickerView.swift */ = {isa = PBXFileReference; lastKnownFileType = sourcecode.swift; path = TimerPickerView.swift; sourceTree = "<group>"; };
		CB2BE1CE27F097EE00137F6C /* Enumerations.swift */ = {isa = PBXFileReference; lastKnownFileType = sourcecode.swift; path = Enumerations.swift; sourceTree = "<group>"; };
		CB2BE1D027F0E4B300137F6C /* TimerPickerViewLabel.swift */ = {isa = PBXFileReference; lastKnownFileType = sourcecode.swift; path = TimerPickerViewLabel.swift; sourceTree = "<group>"; };
		CB2E4C2A2822DE0C008033F3 /* AlarmSettingsTableViewCell.swift */ = {isa = PBXFileReference; lastKnownFileType = sourcecode.swift; path = AlarmSettingsTableViewCell.swift; sourceTree = "<group>"; };
		CB53A7B6280CA7CE0088FBFC /* UIStackView+Extension.swift */ = {isa = PBXFileReference; lastKnownFileType = sourcecode.swift; path = "UIStackView+Extension.swift"; sourceTree = "<group>"; };
		CB5BA75F27F1A55500AECA3C /* TimerSoundSelectionButton.swift */ = {isa = PBXFileReference; lastKnownFileType = sourcecode.swift; path = TimerSoundSelectionButton.swift; sourceTree = "<group>"; };
		CB5BA76127F1E0DF00AECA3C /* TimerCircularBarView.swift */ = {isa = PBXFileReference; lastKnownFileType = sourcecode.swift; path = TimerCircularBarView.swift; sourceTree = "<group>"; };
		CB6076A527D4FB43008333A8 /* LapsTableViewCell.swift */ = {isa = PBXFileReference; lastKnownFileType = sourcecode.swift; path = LapsTableViewCell.swift; sourceTree = "<group>"; };
		CB6647EE27F5C76A004B0819 /* CAShapeLayer+Extension.swift */ = {isa = PBXFileReference; lastKnownFileType = sourcecode.swift; path = "CAShapeLayer+Extension.swift"; sourceTree = "<group>"; };
		CB7ABE4927B3FFA800CD04B1 /* WorldClockTableViewCell.swift */ = {isa = PBXFileReference; lastKnownFileType = sourcecode.swift; path = WorldClockTableViewCell.swift; sourceTree = "<group>"; };
		CB980114282457800087F2A9 /* AlarmRepeatingTypeViewController.swift */ = {isa = PBXFileReference; lastKnownFileType = sourcecode.swift; path = AlarmRepeatingTypeViewController.swift; sourceTree = "<group>"; };
		CB980117282457AF0087F2A9 /* AlarmRepeatingTypeView.swift */ = {isa = PBXFileReference; lastKnownFileType = sourcecode.swift; path = AlarmRepeatingTypeView.swift; sourceTree = "<group>"; };
		CB980119282458A70087F2A9 /* AlarmRepeatingTypeTableViewCell.swift */ = {isa = PBXFileReference; lastKnownFileType = sourcecode.swift; path = AlarmRepeatingTypeTableViewCell.swift; sourceTree = "<group>"; };
		CBA774D527D6043F005CE96C /* CircleButtonView.swift */ = {isa = PBXFileReference; lastKnownFileType = sourcecode.swift; path = CircleButtonView.swift; sourceTree = "<group>"; };
		CBA774D727D64A55005CE96C /* TimerClass.swift */ = {isa = PBXFileReference; lastKnownFileType = sourcecode.swift; path = TimerClass.swift; sourceTree = "<group>"; };
		CBA774D927D6767B005CE96C /* TimeInterval+Extension.swift */ = {isa = PBXFileReference; lastKnownFileType = sourcecode.swift; path = "TimeInterval+Extension.swift"; sourceTree = "<group>"; };
		CBAACF3127B272D200A35A7F /* MainTabBarController.swift */ = {isa = PBXFileReference; lastKnownFileType = sourcecode.swift; path = MainTabBarController.swift; sourceTree = "<group>"; };
		CBC5BD0428205C07003832B7 /* Alarm.swift */ = {isa = PBXFileReference; lastKnownFileType = sourcecode.swift; path = Alarm.swift; sourceTree = "<group>"; };
		CBC5BD0A28205FA6003832B7 /* String+Extension.swift */ = {isa = PBXFileReference; lastKnownFileType = sourcecode.swift; path = "String+Extension.swift"; sourceTree = "<group>"; };
		CBC5BD0C2820625D003832B7 /* AlarmClockTableViewCell.swift */ = {isa = PBXFileReference; lastKnownFileType = sourcecode.swift; path = AlarmClockTableViewCell.swift; sourceTree = "<group>"; };
		CBC5BD0E28206DD7003832B7 /* AlarmDataSource.swift */ = {isa = PBXFileReference; lastKnownFileType = sourcecode.swift; path = AlarmDataSource.swift; sourceTree = "<group>"; };
		CBC7772027B4FF860072EE40 /* UserDefaults+Extension.swift */ = {isa = PBXFileReference; lastKnownFileType = sourcecode.swift; path = "UserDefaults+Extension.swift"; sourceTree = "<group>"; };
		CBC7772227B503F60072EE40 /* Date+Extension.swift */ = {isa = PBXFileReference; lastKnownFileType = sourcecode.swift; path = "Date+Extension.swift"; sourceTree = "<group>"; };
		CBCA7F4E27BAC18000116516 /* WorldClock+CoreDataClass.swift */ = {isa = PBXFileReference; lastKnownFileType = sourcecode.swift; path = "WorldClock+CoreDataClass.swift"; sourceTree = "<group>"; };
		CBCA7F4F27BAC18000116516 /* WorldClock+CoreDataProperties.swift */ = {isa = PBXFileReference; lastKnownFileType = sourcecode.swift; path = "WorldClock+CoreDataProperties.swift"; sourceTree = "<group>"; };
		CBD3FB0227BE9FD200F718E3 /* AlarmClock.app */ = {isa = PBXFileReference; explicitFileType = wrapper.application; includeInIndex = 0; path = AlarmClock.app; sourceTree = BUILT_PRODUCTS_DIR; };
		CBD87C4427F9B5FD0040B35E /* UIScrollView+Extension.swift */ = {isa = PBXFileReference; lastKnownFileType = sourcecode.swift; path = "UIScrollView+Extension.swift"; sourceTree = "<group>"; };
		CBDBB92627EF3A3A00A65087 /* DigitalFormatView.swift */ = {isa = PBXFileReference; lastKnownFileType = sourcecode.swift; path = DigitalFormatView.swift; sourceTree = "<group>"; };
		CBDBB92827EF3C1900A65087 /* ClockFaceView.swift */ = {isa = PBXFileReference; lastKnownFileType = sourcecode.swift; path = ClockFaceView.swift; sourceTree = "<group>"; };
		CBEFCF2527E8567400BA0E05 /* UserDefaultsSettings.swift */ = {isa = PBXFileReference; lastKnownFileType = sourcecode.swift; path = UserDefaultsSettings.swift; sourceTree = "<group>"; };
		CBF6CE0227BD610B00843FBA /* TimeZoneViewController.swift */ = {isa = PBXFileReference; lastKnownFileType = sourcecode.swift; path = TimeZoneViewController.swift; sourceTree = "<group>"; };
		CBF6CE0427BD612F00843FBA /* TimeZoneView.swift */ = {isa = PBXFileReference; lastKnownFileType = sourcecode.swift; path = TimeZoneView.swift; sourceTree = "<group>"; };
		CBF6CE0627BD63EE00843FBA /* TimeZoneTableViewCell.swift */ = {isa = PBXFileReference; lastKnownFileType = sourcecode.swift; path = TimeZoneTableViewCell.swift; sourceTree = "<group>"; };
		CBFB4CD3281D4FDB00A1B189 /* UIColor+Extension.swift */ = {isa = PBXFileReference; lastKnownFileType = sourcecode.swift; path = "UIColor+Extension.swift"; sourceTree = "<group>"; };
		CBFB4CD5281DBD1C00A1B189 /* CALayer+Extension.swift */ = {isa = PBXFileReference; lastKnownFileType = sourcecode.swift; path = "CALayer+Extension.swift"; sourceTree = "<group>"; };
/* End PBXFileReference section */

/* Begin PBXFrameworksBuildPhase section */
		CB0C190F27B119430074976D /* Frameworks */ = {
			isa = PBXFrameworksBuildPhase;
			buildActionMask = 2147483647;
			files = (
				E89254EF71FFA46623AE25A1 /* Pods_AlarmClock.framework in Frameworks */,
			);
			runOnlyForDeploymentPostprocessing = 0;
		};
/* End PBXFrameworksBuildPhase section */

/* Begin PBXGroup section */
		2B145B30E82BB1BA7BBB6F27 /* Frameworks */ = {
			isa = PBXGroup;
			children = (
				A58B681C33DFFE0BC1AFD14F /* Pods_AlarmClock.framework */,
			);
			name = Frameworks;
			sourceTree = "<group>";
		};
		CB01ACDD2822C14E00727A58 /* AddEdit */ = {
			isa = PBXGroup;
			children = (
				CB01ACDB2822C14900727A58 /* AlarmAddEditViewController.swift */,
				CB01ACDE2822C16E00727A58 /* AlarmAddEditView.swift */,
				CB2E4C2A2822DE0C008033F3 /* AlarmSettingsTableViewCell.swift */,
				CB9801162824578C0087F2A9 /* AlarmRepeatingType */,
			);
			path = AddEdit;
			sourceTree = "<group>";
		};
		CB0C190927B119430074976D = {
			isa = PBXGroup;
			children = (
				CB0C191427B119430074976D /* AlarmClock */,
				CBD3FB0227BE9FD200F718E3 /* AlarmClock.app */,
				D87FCE21335403B6CDFDCDBA /* Pods */,
				2B145B30E82BB1BA7BBB6F27 /* Frameworks */,
			);
			sourceTree = "<group>";
		};
		CB0C191427B119430074976D /* AlarmClock */ = {
			isa = PBXGroup;
			children = (
				CB24BC282821BFC300B4FCB5 /* Managing */,
				CB24BC252821BF7800B4FCB5 /* Constants */,
				CB24BC232821BF6600B4FCB5 /* Models */,
				CB24BC242821BF6D00B4FCB5 /* UserDefaults */,
				CB1B780D281F0F910044B6D2 /* TimerClass */,
				CB2BE1CD27F097C100137F6C /* Enumerations */,
				CB80C46527E26611004B61B5 /* Reusable */,
				CB0C193727B121980074976D /* WorldClock */,
				CB0C193A27B121B00074976D /* AlarmClock */,
				CB0C193E27B121CF0074976D /* Stopwatch */,
				CB0C194127B121E50074976D /* Timer */,
				CBC7771F27B4FF5C0072EE40 /* Extensions */,
				CB0C192C27B11D6C0074976D /* SupportingFiles */,
				CB0C192127B119470074976D /* Assets.xcassets */,
				CB0C192327B119470074976D /* LaunchScreen.storyboard */,
				CB0C192627B119470074976D /* Info.plist */,
				CB0C191E27B119430074976D /* WorldClock.xcdatamodeld */,
			);
			path = AlarmClock;
			sourceTree = "<group>";
		};
		CB0C192C27B11D6C0074976D /* SupportingFiles */ = {
			isa = PBXGroup;
			children = (
				CB0C191527B119430074976D /* AppDelegate.swift */,
				CB0C191727B119430074976D /* SceneDelegate.swift */,
			);
			path = SupportingFiles;
			sourceTree = "<group>";
		};
		CB0C193727B121980074976D /* WorldClock */ = {
			isa = PBXGroup;
			children = (
				CBF6CE0127BD60D700843FBA /* TimeZone */,
				CB0CC82F27B3F955002C1FEA /* Model */,
				CB0C191927B119430074976D /* WorldClockViewController.swift */,
				CB0C193527B121900074976D /* WorldClockView.swift */,
				CB7ABE4927B3FFA800CD04B1 /* WorldClockTableViewCell.swift */,
			);
			path = WorldClock;
			sourceTree = "<group>";
		};
		CB0C193A27B121B00074976D /* AlarmClock */ = {
			isa = PBXGroup;
			children = (
				CB0C192D27B1203B0074976D /* AlarmClockViewController.swift */,
				CB0C193827B121AC0074976D /* AlarmClockView.swift */,
				CB24BC292821C53600B4FCB5 /* AlarmClockSectionHeaderView.swift */,
				CBC5BD0E28206DD7003832B7 /* AlarmDataSource.swift */,
				CBC5BD0C2820625D003832B7 /* AlarmClockTableViewCell.swift */,
				CB01ACDD2822C14E00727A58 /* AddEdit */,
			);
			path = AlarmClock;
			sourceTree = "<group>";
		};
		CB0C193E27B121CF0074976D /* Stopwatch */ = {
			isa = PBXGroup;
			children = (
				CB0C192F27B120AD0074976D /* StopwatchViewController.swift */,
				CB0C193C27B121C90074976D /* StopwatchView.swift */,
				CBDBB92627EF3A3A00A65087 /* DigitalFormatView.swift */,
				CBDBB92827EF3C1900A65087 /* ClockFaceView.swift */,
				CB6076A527D4FB43008333A8 /* LapsTableViewCell.swift */,
			);
			path = Stopwatch;
			sourceTree = "<group>";
		};
		CB0C194127B121E50074976D /* Timer */ = {
			isa = PBXGroup;
			children = (
				CB0C193127B120E90074976D /* TimerViewController.swift */,
				CB0C193F27B121DF0074976D /* TimerView.swift */,
				CB2BE1C927F05F2900137F6C /* TimerPickerView.swift */,
				CB2BE1D027F0E4B300137F6C /* TimerPickerViewLabel.swift */,
				CB5BA75F27F1A55500AECA3C /* TimerSoundSelectionButton.swift */,
				CB5BA76127F1E0DF00AECA3C /* TimerCircularBarView.swift */,
			);
			path = Timer;
			sourceTree = "<group>";
		};
		CB0CC82F27B3F955002C1FEA /* Model */ = {
			isa = PBXGroup;
			children = (
				CBCA7F4E27BAC18000116516 /* WorldClock+CoreDataClass.swift */,
				CBCA7F4F27BAC18000116516 /* WorldClock+CoreDataProperties.swift */,
				CB0CC82527B3DA50002C1FEA /* CoreDataManager.swift */,
			);
			path = Model;
			sourceTree = "<group>";
		};
		CB1B780D281F0F910044B6D2 /* TimerClass */ = {
			isa = PBXGroup;
			children = (
				CBA774D727D64A55005CE96C /* TimerClass.swift */,
			);
			path = TimerClass;
			sourceTree = "<group>";
		};
		CB24BC232821BF6600B4FCB5 /* Models */ = {
			isa = PBXGroup;
			children = (
				CBC5BD0428205C07003832B7 /* Alarm.swift */,
			);
			path = Models;
			sourceTree = "<group>";
		};
		CB24BC242821BF6D00B4FCB5 /* UserDefaults */ = {
			isa = PBXGroup;
			children = (
				CBEFCF2527E8567400BA0E05 /* UserDefaultsSettings.swift */,
			);
			path = UserDefaults;
			sourceTree = "<group>";
		};
		CB24BC252821BF7800B4FCB5 /* Constants */ = {
			isa = PBXGroup;
			children = (
				CB0C194227B156340074976D /* Constant.swift */,
			);
			path = Constants;
			sourceTree = "<group>";
		};
		CB24BC282821BFC300B4FCB5 /* Managing */ = {
			isa = PBXGroup;
			children = (
				CBAACF3127B272D200A35A7F /* MainTabBarController.swift */,
				CB24BC262821BFBA00B4FCB5 /* MainNavigationController.swift */,
			);
			path = Managing;
			sourceTree = "<group>";
		};
		CB2BE1CD27F097C100137F6C /* Enumerations */ = {
			isa = PBXGroup;
			children = (
				CB2BE1CE27F097EE00137F6C /* Enumerations.swift */,
			);
			path = Enumerations;
			sourceTree = "<group>";
		};
		CB80C46527E26611004B61B5 /* Reusable */ = {
			isa = PBXGroup;
			children = (
				CBA774D527D6043F005CE96C /* CircleButtonView.swift */,
			);
			path = Reusable;
			sourceTree = "<group>";
		};
		CB9801162824578C0087F2A9 /* AlarmRepeatingType */ = {
			isa = PBXGroup;
			children = (
				CB980114282457800087F2A9 /* AlarmRepeatingTypeViewController.swift */,
				CB980117282457AF0087F2A9 /* AlarmRepeatingTypeView.swift */,
				CB980119282458A70087F2A9 /* AlarmRepeatingTypeTableViewCell.swift */,
			);
			path = AlarmRepeatingType;
			sourceTree = "<group>";
		};
		CBC7771F27B4FF5C0072EE40 /* Extensions */ = {
			isa = PBXGroup;
			children = (
				CBC7772027B4FF860072EE40 /* UserDefaults+Extension.swift */,
				CBD87C4427F9B5FD0040B35E /* UIScrollView+Extension.swift */,
				CBC5BD0A28205FA6003832B7 /* String+Extension.swift */,
				CBC7772227B503F60072EE40 /* Date+Extension.swift */,
				CBA774D927D6767B005CE96C /* TimeInterval+Extension.swift */,
				CBFB4CD3281D4FDB00A1B189 /* UIColor+Extension.swift */,
				CB53A7B6280CA7CE0088FBFC /* UIStackView+Extension.swift */,
				CB6647EE27F5C76A004B0819 /* CAShapeLayer+Extension.swift */,
				CBFB4CD5281DBD1C00A1B189 /* CALayer+Extension.swift */,
			);
			path = Extensions;
			sourceTree = "<group>";
		};
		CBF6CE0127BD60D700843FBA /* TimeZone */ = {
			isa = PBXGroup;
			children = (
				CBF6CE0227BD610B00843FBA /* TimeZoneViewController.swift */,
				CBF6CE0427BD612F00843FBA /* TimeZoneView.swift */,
				CBF6CE0627BD63EE00843FBA /* TimeZoneTableViewCell.swift */,
			);
			path = TimeZone;
			sourceTree = "<group>";
		};
		D87FCE21335403B6CDFDCDBA /* Pods */ = {
			isa = PBXGroup;
			children = (
				323D17ABB3AA5FC1C847FD54 /* Pods-AlarmClock.debug.xcconfig */,
				4D2A706CD810AFDC493A092B /* Pods-AlarmClock.release.xcconfig */,
			);
			path = Pods;
			sourceTree = "<group>";
		};
/* End PBXGroup section */

/* Begin PBXNativeTarget section */
		CB0C191127B119430074976D /* AlarmClock */ = {
			isa = PBXNativeTarget;
			buildConfigurationList = CB0C192927B119470074976D /* Build configuration list for PBXNativeTarget "AlarmClock" */;
			buildPhases = (
				F8ACE519CA3716DAD113534B /* [CP] Check Pods Manifest.lock */,
				CB0C190E27B119430074976D /* Sources */,
				CB0C190F27B119430074976D /* Frameworks */,
				CB0C191027B119430074976D /* Resources */,
				20ECB58F83A91C9E41583DFA /* [CP] Embed Pods Frameworks */,
			);
			buildRules = (
			);
			dependencies = (
			);
			name = AlarmClock;
			productName = AlarmClock;
			productReference = CBD3FB0227BE9FD200F718E3 /* AlarmClock.app */;
			productType = "com.apple.product-type.application";
		};
/* End PBXNativeTarget section */

/* Begin PBXProject section */
		CB0C190A27B119430074976D /* Project object */ = {
			isa = PBXProject;
			attributes = {
				BuildIndependentTargetsInParallel = 1;
				LastSwiftUpdateCheck = 1320;
				LastUpgradeCheck = 1320;
				TargetAttributes = {
					CB0C191127B119430074976D = {
						CreatedOnToolsVersion = 13.2.1;
					};
				};
			};
			buildConfigurationList = CB0C190D27B119430074976D /* Build configuration list for PBXProject "AlarmClock" */;
			compatibilityVersion = "Xcode 13.0";
			developmentRegion = en;
			hasScannedForEncodings = 0;
			knownRegions = (
				en,
				Base,
			);
			mainGroup = CB0C190927B119430074976D;
			productRefGroup = CB0C190927B119430074976D;
			projectDirPath = "";
			projectRoot = "";
			targets = (
				CB0C191127B119430074976D /* AlarmClock */,
			);
		};
/* End PBXProject section */

/* Begin PBXResourcesBuildPhase section */
		CB0C191027B119430074976D /* Resources */ = {
			isa = PBXResourcesBuildPhase;
			buildActionMask = 2147483647;
			files = (
				CB0C192527B119470074976D /* LaunchScreen.storyboard in Resources */,
				CB0C192227B119470074976D /* Assets.xcassets in Resources */,
			);
			runOnlyForDeploymentPostprocessing = 0;
		};
/* End PBXResourcesBuildPhase section */

/* Begin PBXShellScriptBuildPhase section */
		20ECB58F83A91C9E41583DFA /* [CP] Embed Pods Frameworks */ = {
			isa = PBXShellScriptBuildPhase;
			buildActionMask = 2147483647;
			files = (
			);
			inputFileListPaths = (
				"${PODS_ROOT}/Target Support Files/Pods-AlarmClock/Pods-AlarmClock-frameworks-${CONFIGURATION}-input-files.xcfilelist",
			);
			name = "[CP] Embed Pods Frameworks";
			outputFileListPaths = (
				"${PODS_ROOT}/Target Support Files/Pods-AlarmClock/Pods-AlarmClock-frameworks-${CONFIGURATION}-output-files.xcfilelist",
			);
			runOnlyForDeploymentPostprocessing = 0;
			shellPath = /bin/sh;
			shellScript = "\"${PODS_ROOT}/Target Support Files/Pods-AlarmClock/Pods-AlarmClock-frameworks.sh\"\n";
			showEnvVarsInLog = 0;
		};
		F8ACE519CA3716DAD113534B /* [CP] Check Pods Manifest.lock */ = {
			isa = PBXShellScriptBuildPhase;
			buildActionMask = 2147483647;
			files = (
			);
			inputFileListPaths = (
			);
			inputPaths = (
				"${PODS_PODFILE_DIR_PATH}/Podfile.lock",
				"${PODS_ROOT}/Manifest.lock",
			);
			name = "[CP] Check Pods Manifest.lock";
			outputFileListPaths = (
			);
			outputPaths = (
				"$(DERIVED_FILE_DIR)/Pods-AlarmClock-checkManifestLockResult.txt",
			);
			runOnlyForDeploymentPostprocessing = 0;
			shellPath = /bin/sh;
			shellScript = "diff \"${PODS_PODFILE_DIR_PATH}/Podfile.lock\" \"${PODS_ROOT}/Manifest.lock\" > /dev/null\nif [ $? != 0 ] ; then\n    # print error to STDERR\n    echo \"error: The sandbox is not in sync with the Podfile.lock. Run 'pod install' or update your CocoaPods installation.\" >&2\n    exit 1\nfi\n# This output is used by Xcode 'outputs' to avoid re-running this script phase.\necho \"SUCCESS\" > \"${SCRIPT_OUTPUT_FILE_0}\"\n";
			showEnvVarsInLog = 0;
		};
/* End PBXShellScriptBuildPhase section */

/* Begin PBXSourcesBuildPhase section */
		CB0C190E27B119430074976D /* Sources */ = {
			isa = PBXSourcesBuildPhase;
			buildActionMask = 2147483647;
			files = (
				CB2BE1CA27F05F2900137F6C /* TimerPickerView.swift in Sources */,
				CBC5BD0D2820625D003832B7 /* AlarmClockTableViewCell.swift in Sources */,
				CBFB4CD4281D4FDB00A1B189 /* UIColor+Extension.swift in Sources */,
				CBC5BD0F28206DD7003832B7 /* AlarmDataSource.swift in Sources */,
				CB2BE1CF27F097EE00137F6C /* Enumerations.swift in Sources */,
				CB6647EF27F5C76A004B0819 /* CAShapeLayer+Extension.swift in Sources */,
				CB0C192E27B1203B0074976D /* AlarmClockViewController.swift in Sources */,
				CBA774D827D64A55005CE96C /* TimerClass.swift in Sources */,
				CBC7772327B503F60072EE40 /* Date+Extension.swift in Sources */,
				CBA774D627D6043F005CE96C /* CircleButtonView.swift in Sources */,
				CB5BA76027F1A55500AECA3C /* TimerSoundSelectionButton.swift in Sources */,
				CBDBB92727EF3A3A00A65087 /* DigitalFormatView.swift in Sources */,
				CB6076A627D4FB43008333A8 /* LapsTableViewCell.swift in Sources */,
				CBAACF3227B272D200A35A7F /* MainTabBarController.swift in Sources */,
				CB24BC272821BFBA00B4FCB5 /* MainNavigationController.swift in Sources */,
				CB0C192027B119430074976D /* WorldClock.xcdatamodeld in Sources */,
				CB0CC82627B3DA51002C1FEA /* CoreDataManager.swift in Sources */,
				CBCA7F5127BAC18000116516 /* WorldClock+CoreDataProperties.swift in Sources */,
				CB2BE1D127F0E4B300137F6C /* TimerPickerViewLabel.swift in Sources */,
				CB0C191A27B119430074976D /* WorldClockViewController.swift in Sources */,
				CB0C193227B120E90074976D /* TimerViewController.swift in Sources */,
				CBF6CE0727BD63EE00843FBA /* TimeZoneTableViewCell.swift in Sources */,
				CB980118282457AF0087F2A9 /* AlarmRepeatingTypeView.swift in Sources */,
				CB24BC2A2821C53600B4FCB5 /* AlarmClockSectionHeaderView.swift in Sources */,
				CBCA7F5027BAC18000116516 /* WorldClock+CoreDataClass.swift in Sources */,
				CB98011A282458A70087F2A9 /* AlarmRepeatingTypeTableViewCell.swift in Sources */,
				CB2E4C2B2822DE0C008033F3 /* AlarmSettingsTableViewCell.swift in Sources */,
				CB0C191627B119430074976D /* AppDelegate.swift in Sources */,
				CBC5BD0B28205FA6003832B7 /* String+Extension.swift in Sources */,
				CB7ABE4A27B3FFA800CD04B1 /* WorldClockTableViewCell.swift in Sources */,
				CB0C193027B120AD0074976D /* StopwatchViewController.swift in Sources */,
				CB0C194027B121DF0074976D /* TimerView.swift in Sources */,
				CBF6CE0327BD610B00843FBA /* TimeZoneViewController.swift in Sources */,
				CB0C193D27B121C90074976D /* StopwatchView.swift in Sources */,
				CBA774DA27D6767B005CE96C /* TimeInterval+Extension.swift in Sources */,
				CB980115282457800087F2A9 /* AlarmRepeatingTypeViewController.swift in Sources */,
				CBC5BD0528205C07003832B7 /* Alarm.swift in Sources */,
				CB0C193627B121900074976D /* WorldClockView.swift in Sources */,
				CBDBB92927EF3C1900A65087 /* ClockFaceView.swift in Sources */,
				CBC7772127B4FF860072EE40 /* UserDefaults+Extension.swift in Sources */,
				CB01ACDC2822C14900727A58 /* AlarmAddEditViewController.swift in Sources */,
				CBD87C4527F9B5FD0040B35E /* UIScrollView+Extension.swift in Sources */,
				CB53A7B7280CA7CE0088FBFC /* UIStackView+Extension.swift in Sources */,
				CB5BA76227F1E0DF00AECA3C /* TimerCircularBarView.swift in Sources */,
				CB0C191827B119430074976D /* SceneDelegate.swift in Sources */,
				CBEFCF2627E8567500BA0E05 /* UserDefaultsSettings.swift in Sources */,
				CB0C193927B121AC0074976D /* AlarmClockView.swift in Sources */,
				CBF6CE0527BD612F00843FBA /* TimeZoneView.swift in Sources */,
				CB0C194327B156340074976D /* Constant.swift in Sources */,
				CB01ACDF2822C16E00727A58 /* AlarmAddEditView.swift in Sources */,
				CBFB4CD6281DBD1C00A1B189 /* CALayer+Extension.swift in Sources */,
			);
			runOnlyForDeploymentPostprocessing = 0;
		};
/* End PBXSourcesBuildPhase section */

/* Begin PBXVariantGroup section */
		CB0C192327B119470074976D /* LaunchScreen.storyboard */ = {
			isa = PBXVariantGroup;
			children = (
				CB0C192427B119470074976D /* Base */,
			);
			name = LaunchScreen.storyboard;
			sourceTree = "<group>";
		};
/* End PBXVariantGroup section */

/* Begin XCBuildConfiguration section */
		CB0C192727B119470074976D /* Debug */ = {
			isa = XCBuildConfiguration;
			buildSettings = {
				ALWAYS_SEARCH_USER_PATHS = NO;
				CLANG_ANALYZER_NONNULL = YES;
				CLANG_ANALYZER_NUMBER_OBJECT_CONVERSION = YES_AGGRESSIVE;
				CLANG_CXX_LANGUAGE_STANDARD = "gnu++17";
				CLANG_CXX_LIBRARY = "libc++";
				CLANG_ENABLE_MODULES = YES;
				CLANG_ENABLE_OBJC_ARC = YES;
				CLANG_ENABLE_OBJC_WEAK = YES;
				CLANG_WARN_BLOCK_CAPTURE_AUTORELEASING = YES;
				CLANG_WARN_BOOL_CONVERSION = YES;
				CLANG_WARN_COMMA = YES;
				CLANG_WARN_CONSTANT_CONVERSION = YES;
				CLANG_WARN_DEPRECATED_OBJC_IMPLEMENTATIONS = YES;
				CLANG_WARN_DIRECT_OBJC_ISA_USAGE = YES_ERROR;
				CLANG_WARN_DOCUMENTATION_COMMENTS = YES;
				CLANG_WARN_EMPTY_BODY = YES;
				CLANG_WARN_ENUM_CONVERSION = YES;
				CLANG_WARN_INFINITE_RECURSION = YES;
				CLANG_WARN_INT_CONVERSION = YES;
				CLANG_WARN_NON_LITERAL_NULL_CONVERSION = YES;
				CLANG_WARN_OBJC_IMPLICIT_RETAIN_SELF = YES;
				CLANG_WARN_OBJC_LITERAL_CONVERSION = YES;
				CLANG_WARN_OBJC_ROOT_CLASS = YES_ERROR;
				CLANG_WARN_QUOTED_INCLUDE_IN_FRAMEWORK_HEADER = YES;
				CLANG_WARN_RANGE_LOOP_ANALYSIS = YES;
				CLANG_WARN_STRICT_PROTOTYPES = YES;
				CLANG_WARN_SUSPICIOUS_MOVE = YES;
				CLANG_WARN_UNGUARDED_AVAILABILITY = YES_AGGRESSIVE;
				CLANG_WARN_UNREACHABLE_CODE = YES;
				CLANG_WARN__DUPLICATE_METHOD_MATCH = YES;
				COPY_PHASE_STRIP = NO;
				DEBUG_INFORMATION_FORMAT = dwarf;
				ENABLE_STRICT_OBJC_MSGSEND = YES;
				ENABLE_TESTABILITY = YES;
				GCC_C_LANGUAGE_STANDARD = gnu11;
				GCC_DYNAMIC_NO_PIC = NO;
				GCC_NO_COMMON_BLOCKS = YES;
				GCC_OPTIMIZATION_LEVEL = 0;
				GCC_PREPROCESSOR_DEFINITIONS = (
					"DEBUG=1",
					"$(inherited)",
				);
				GCC_WARN_64_TO_32_BIT_CONVERSION = YES;
				GCC_WARN_ABOUT_RETURN_TYPE = YES_ERROR;
				GCC_WARN_UNDECLARED_SELECTOR = YES;
				GCC_WARN_UNINITIALIZED_AUTOS = YES_AGGRESSIVE;
				GCC_WARN_UNUSED_FUNCTION = YES;
				GCC_WARN_UNUSED_VARIABLE = YES;
				IPHONEOS_DEPLOYMENT_TARGET = 15.2;
				MTL_ENABLE_DEBUG_INFO = INCLUDE_SOURCE;
				MTL_FAST_MATH = YES;
				ONLY_ACTIVE_ARCH = YES;
				SDKROOT = iphoneos;
				SWIFT_ACTIVE_COMPILATION_CONDITIONS = DEBUG;
				SWIFT_OPTIMIZATION_LEVEL = "-Onone";
			};
			name = Debug;
		};
		CB0C192827B119470074976D /* Release */ = {
			isa = XCBuildConfiguration;
			buildSettings = {
				ALWAYS_SEARCH_USER_PATHS = NO;
				CLANG_ANALYZER_NONNULL = YES;
				CLANG_ANALYZER_NUMBER_OBJECT_CONVERSION = YES_AGGRESSIVE;
				CLANG_CXX_LANGUAGE_STANDARD = "gnu++17";
				CLANG_CXX_LIBRARY = "libc++";
				CLANG_ENABLE_MODULES = YES;
				CLANG_ENABLE_OBJC_ARC = YES;
				CLANG_ENABLE_OBJC_WEAK = YES;
				CLANG_WARN_BLOCK_CAPTURE_AUTORELEASING = YES;
				CLANG_WARN_BOOL_CONVERSION = YES;
				CLANG_WARN_COMMA = YES;
				CLANG_WARN_CONSTANT_CONVERSION = YES;
				CLANG_WARN_DEPRECATED_OBJC_IMPLEMENTATIONS = YES;
				CLANG_WARN_DIRECT_OBJC_ISA_USAGE = YES_ERROR;
				CLANG_WARN_DOCUMENTATION_COMMENTS = YES;
				CLANG_WARN_EMPTY_BODY = YES;
				CLANG_WARN_ENUM_CONVERSION = YES;
				CLANG_WARN_INFINITE_RECURSION = YES;
				CLANG_WARN_INT_CONVERSION = YES;
				CLANG_WARN_NON_LITERAL_NULL_CONVERSION = YES;
				CLANG_WARN_OBJC_IMPLICIT_RETAIN_SELF = YES;
				CLANG_WARN_OBJC_LITERAL_CONVERSION = YES;
				CLANG_WARN_OBJC_ROOT_CLASS = YES_ERROR;
				CLANG_WARN_QUOTED_INCLUDE_IN_FRAMEWORK_HEADER = YES;
				CLANG_WARN_RANGE_LOOP_ANALYSIS = YES;
				CLANG_WARN_STRICT_PROTOTYPES = YES;
				CLANG_WARN_SUSPICIOUS_MOVE = YES;
				CLANG_WARN_UNGUARDED_AVAILABILITY = YES_AGGRESSIVE;
				CLANG_WARN_UNREACHABLE_CODE = YES;
				CLANG_WARN__DUPLICATE_METHOD_MATCH = YES;
				COPY_PHASE_STRIP = NO;
				DEBUG_INFORMATION_FORMAT = "dwarf-with-dsym";
				ENABLE_NS_ASSERTIONS = NO;
				ENABLE_STRICT_OBJC_MSGSEND = YES;
				GCC_C_LANGUAGE_STANDARD = gnu11;
				GCC_NO_COMMON_BLOCKS = YES;
				GCC_WARN_64_TO_32_BIT_CONVERSION = YES;
				GCC_WARN_ABOUT_RETURN_TYPE = YES_ERROR;
				GCC_WARN_UNDECLARED_SELECTOR = YES;
				GCC_WARN_UNINITIALIZED_AUTOS = YES_AGGRESSIVE;
				GCC_WARN_UNUSED_FUNCTION = YES;
				GCC_WARN_UNUSED_VARIABLE = YES;
				IPHONEOS_DEPLOYMENT_TARGET = 15.2;
				MTL_ENABLE_DEBUG_INFO = NO;
				MTL_FAST_MATH = YES;
				SDKROOT = iphoneos;
				SWIFT_COMPILATION_MODE = wholemodule;
				SWIFT_OPTIMIZATION_LEVEL = "-O";
				VALIDATE_PRODUCT = YES;
			};
			name = Release;
		};
		CB0C192A27B119470074976D /* Debug */ = {
			isa = XCBuildConfiguration;
			baseConfigurationReference = 323D17ABB3AA5FC1C847FD54 /* Pods-AlarmClock.debug.xcconfig */;
			buildSettings = {
				ASSETCATALOG_COMPILER_APPICON_NAME = AppIcon;
				ASSETCATALOG_COMPILER_GLOBAL_ACCENT_COLOR_NAME = AccentColor;
				CODE_SIGN_STYLE = Automatic;
				CURRENT_PROJECT_VERSION = 1;
				DEVELOPMENT_TEAM = T7YWVGS7V5;
				GENERATE_INFOPLIST_FILE = YES;
				INFOPLIST_FILE = AlarmClock/Info.plist;
				INFOPLIST_KEY_UIApplicationSupportsIndirectInputEvents = YES;
				INFOPLIST_KEY_UILaunchStoryboardName = LaunchScreen;
				INFOPLIST_KEY_UISupportedInterfaceOrientations = "UIInterfaceOrientationPortrait UIInterfaceOrientationLandscapeRight";
				INFOPLIST_KEY_UISupportedInterfaceOrientations_iPad = "UIInterfaceOrientationPortrait UIInterfaceOrientationPortraitUpsideDown UIInterfaceOrientationLandscapeLeft UIInterfaceOrientationLandscapeRight";
				INFOPLIST_KEY_UISupportedInterfaceOrientations_iPhone = "UIInterfaceOrientationPortrait UIInterfaceOrientationLandscapeLeft UIInterfaceOrientationLandscapeRight";
				LD_RUNPATH_SEARCH_PATHS = (
					"$(inherited)",
					"@executable_path/Frameworks",
				);
				MARKETING_VERSION = 1.0;
				PRODUCT_BUNDLE_IDENTIFIER = ru.gellert.AlarmClock;
				PRODUCT_NAME = "$(TARGET_NAME)";
				SWIFT_EMIT_LOC_STRINGS = YES;
				SWIFT_VERSION = 5.0;
				TARGETED_DEVICE_FAMILY = "1,2";
			};
			name = Debug;
		};
		CB0C192B27B119470074976D /* Release */ = {
			isa = XCBuildConfiguration;
			baseConfigurationReference = 4D2A706CD810AFDC493A092B /* Pods-AlarmClock.release.xcconfig */;
			buildSettings = {
				ASSETCATALOG_COMPILER_APPICON_NAME = AppIcon;
				ASSETCATALOG_COMPILER_GLOBAL_ACCENT_COLOR_NAME = AccentColor;
				CODE_SIGN_STYLE = Automatic;
				CURRENT_PROJECT_VERSION = 1;
				DEVELOPMENT_TEAM = T7YWVGS7V5;
				GENERATE_INFOPLIST_FILE = YES;
				INFOPLIST_FILE = AlarmClock/Info.plist;
				INFOPLIST_KEY_UIApplicationSupportsIndirectInputEvents = YES;
				INFOPLIST_KEY_UILaunchStoryboardName = LaunchScreen;
				INFOPLIST_KEY_UISupportedInterfaceOrientations = "UIInterfaceOrientationPortrait UIInterfaceOrientationLandscapeRight";
				INFOPLIST_KEY_UISupportedInterfaceOrientations_iPad = "UIInterfaceOrientationPortrait UIInterfaceOrientationPortraitUpsideDown UIInterfaceOrientationLandscapeLeft UIInterfaceOrientationLandscapeRight";
				INFOPLIST_KEY_UISupportedInterfaceOrientations_iPhone = "UIInterfaceOrientationPortrait UIInterfaceOrientationLandscapeLeft UIInterfaceOrientationLandscapeRight";
				LD_RUNPATH_SEARCH_PATHS = (
					"$(inherited)",
					"@executable_path/Frameworks",
				);
				MARKETING_VERSION = 1.0;
				PRODUCT_BUNDLE_IDENTIFIER = ru.gellert.AlarmClock;
				PRODUCT_NAME = "$(TARGET_NAME)";
				SWIFT_EMIT_LOC_STRINGS = YES;
				SWIFT_VERSION = 5.0;
				TARGETED_DEVICE_FAMILY = "1,2";
			};
			name = Release;
		};
/* End XCBuildConfiguration section */

/* Begin XCConfigurationList section */
		CB0C190D27B119430074976D /* Build configuration list for PBXProject "AlarmClock" */ = {
			isa = XCConfigurationList;
			buildConfigurations = (
				CB0C192727B119470074976D /* Debug */,
				CB0C192827B119470074976D /* Release */,
			);
			defaultConfigurationIsVisible = 0;
			defaultConfigurationName = Release;
		};
		CB0C192927B119470074976D /* Build configuration list for PBXNativeTarget "AlarmClock" */ = {
			isa = XCConfigurationList;
			buildConfigurations = (
				CB0C192A27B119470074976D /* Debug */,
				CB0C192B27B119470074976D /* Release */,
			);
			defaultConfigurationIsVisible = 0;
			defaultConfigurationName = Release;
		};
/* End XCConfigurationList section */

/* Begin XCVersionGroup section */
		CB0C191E27B119430074976D /* WorldClock.xcdatamodeld */ = {
			isa = XCVersionGroup;
			children = (
				CB0C191F27B119430074976D /* AlarmClock.xcdatamodel */,
			);
			currentVersion = CB0C191F27B119430074976D /* AlarmClock.xcdatamodel */;
			path = WorldClock.xcdatamodeld;
			sourceTree = "<group>";
			versionGroupType = wrapper.xcdatamodel;
		};
/* End XCVersionGroup section */
	};
	rootObject = CB0C190A27B119430074976D /* Project object */;
}
